
Microsoft Visual Studio Solution File, Format Version 12.00
# Visual Studio Version 17
VisualStudioVersion = 17.7.34031.279
MinimumVisualStudioVersion = 10.0.40219.1
Project("{FAE04EC0-301F-11D3-BF4B-00C04F79EFBC}") = "BoardApp", "BoardApp\BoardApp.csproj", "{5EC2082B-4F07-430C-85F3-3FEB5F38EC02}"
EndProject
Global
	GlobalSection(SolutionConfigurationPlatforms) = preSolution
		Debug|Any CPU = Debug|Any CPU
		Release|Any CPU = Release|Any CPU
	EndGlobalSection
	GlobalSection(ProjectConfigurationPlatforms) = postSolution
		{5EC2082B-4F07-430C-85F3-3FEB5F38EC02}.Debug|Any CPU.ActiveCfg = Debug|Any CPU
		{5EC2082B-4F07-430C-85F3-3FEB5F38EC02}.Debug|Any CPU.Build.0 = Debug|Any CPU
		{5EC2082B-4F07-430C-85F3-3FEB5F38EC02}.Release|Any CPU.ActiveCfg = Release|Any CPU
		{5EC2082B-4F07-430C-85F3-3FEB5F38EC02}.Release|Any CPU.Build.0 = Release|Any CPU
	EndGlobalSection
	GlobalSection(SolutionProperties) = preSolution
		HideSolutionNode = FALSE
	EndGlobalSection
	GlobalSection(ExtensibilityGlobals) = postSolution
		SolutionGuid = {453DE590-4CB5-4541-955E-06B8D21194B8}
	EndGlobalSection
EndGlobal
